// !$*UTF8*$!
{
	archiveVersion = 1;
	classes = {
	};
	objectVersion = 77;
	objects = {

/* Begin PBXContainerItemProxy section */
		C4A445A72D06A661002B0FA4 /* PBXContainerItemProxy */ = {
			isa = PBXContainerItemProxy;
			containerPortal = C4A445882D06A660002B0FA4 /* Project object */;
			proxyType = 1;
			remoteGlobalIDString = C4A4458F2D06A660002B0FA4;
			remoteInfo = "Table Views";
		};
		C4A445B12D06A661002B0FA4 /* PBXContainerItemProxy */ = {
			isa = PBXContainerItemProxy;
			containerPortal = C4A445882D06A660002B0FA4 /* Project object */;
			proxyType = 1;
			remoteGlobalIDString = C4A4458F2D06A660002B0FA4;
			remoteInfo = "Table Views";
		};
/* End PBXContainerItemProxy section */

/* Begin PBXFileReference section */
		C4A445902D06A660002B0FA4 /* Table Views.app */ = {isa = PBXFileReference; explicitFileType = wrapper.application; includeInIndex = 0; path = "Table Views.app"; sourceTree = BUILT_PRODUCTS_DIR; };
		C4A445A62D06A661002B0FA4 /* Table ViewsTests.xctest */ = {isa = PBXFileReference; explicitFileType = wrapper.cfbundle; includeInIndex = 0; path = "Table ViewsTests.xctest"; sourceTree = BUILT_PRODUCTS_DIR; };
		C4A445B02D06A661002B0FA4 /* Table ViewsUITests.xctest */ = {isa = PBXFileReference; explicitFileType = wrapper.cfbundle; includeInIndex = 0; path = "Table ViewsUITests.xctest"; sourceTree = BUILT_PRODUCTS_DIR; };
/* End PBXFileReference section */

/* Begin PBXFileSystemSynchronizedBuildFileExceptionSet section */
		C4A445B82D06A661002B0FA4 /* Exceptions for "Table Views" folder in "Table Views" target */ = {
			isa = PBXFileSystemSynchronizedBuildFileExceptionSet;
			membershipExceptions = (
				Info.plist,
			);
			target = C4A4458F2D06A660002B0FA4 /* Table Views */;
		};
/* End PBXFileSystemSynchronizedBuildFileExceptionSet section */

/* Begin PBXFileSystemSynchronizedRootGroup section */
		C4A445922D06A660002B0FA4 /* Table Views */ = {
			isa = PBXFileSystemSynchronizedRootGroup;
			exceptions = (
				C4A445B82D06A661002B0FA4 /* Exceptions for "Table Views" folder in "Table Views" target */,
			);
			path = "Table Views";
			sourceTree = "<group>";
		};
		C4A445A92D06A661002B0FA4 /* Table ViewsTests */ = {
			isa = PBXFileSystemSynchronizedRootGroup;
			path = "Table ViewsTests";
			sourceTree = "<group>";
		};
		C4A445B32D06A661002B0FA4 /* Table ViewsUITests */ = {
			isa = PBXFileSystemSynchronizedRootGroup;
			path = "Table ViewsUITests";
			sourceTree = "<group>";
		};
/* End PBXFileSystemSynchronizedRootGroup section */

/* Begin PBXFrameworksBuildPhase section */
		C4A4458D2D06A660002B0FA4 /* Frameworks */ = {
			isa = PBXFrameworksBuildPhase;
			buildActionMask = 2147483647;
			files = (
			);
			runOnlyForDeploymentPostprocessing = 0;
		};
		C4A445A32D06A661002B0FA4 /* Frameworks */ = {
			isa = PBXFrameworksBuildPhase;
			buildActionMask = 2147483647;
			files = (
			);
			runOnlyForDeploymentPostprocessing = 0;
		};
		C4A445AD2D06A661002B0FA4 /* Frameworks */ = {
			isa = PBXFrameworksBuildPhase;
			buildActionMask = 2147483647;
			files = (
			);
			runOnlyForDeploymentPostprocessing = 0;
		};
/* End PBXFrameworksBuildPhase section */

/* Begin PBXGroup section */
		C4A445872D06A660002B0FA4 = {
			isa = PBXGroup;
			children = (
				C4A445922D06A660002B0FA4 /* Table Views */,
				C4A445A92D06A661002B0FA4 /* Table ViewsTests */,
				C4A445B32D06A661002B0FA4 /* Table ViewsUITests */,
				C4A445912D06A660002B0FA4 /* Products */,
			);
			sourceTree = "<group>";
		};
		C4A445912D06A660002B0FA4 /* Products */ = {
			isa = PBXGroup;
			children = (
				C4A445902D06A660002B0FA4 /* Table Views.app */,
				C4A445A62D06A661002B0FA4 /* Table ViewsTests.xctest */,
				C4A445B02D06A661002B0FA4 /* Table ViewsUITests.xctest */,
			);
			name = Products;
			sourceTree = "<group>";
		};
/* End PBXGroup section */

/* Begin PBXNativeTarget section */
		C4A4458F2D06A660002B0FA4 /* Table Views */ = {
			isa = PBXNativeTarget;
			buildConfigurationList = C4A445B92D06A661002B0FA4 /* Build configuration list for PBXNativeTarget "Table Views" */;
			buildPhases = (
				C4A4458C2D06A660002B0FA4 /* Sources */,
				C4A4458D2D06A660002B0FA4 /* Frameworks */,
				C4A4458E2D06A660002B0FA4 /* Resources */,
			);
			buildRules = (
			);
			dependencies = (
			);
			fileSystemSynchronizedGroups = (
				C4A445922D06A660002B0FA4 /* Table Views */,
			);
			name = "Table Views";
			packageProductDependencies = (
			);
			productName = "Table Views";
			productReference = C4A445902D06A660002B0FA4 /* Table Views.app */;
			productType = "com.apple.product-type.application";
		};
		C4A445A52D06A661002B0FA4 /* Table ViewsTests */ = {
			isa = PBXNativeTarget;
			buildConfigurationList = C4A445BE2D06A661002B0FA4 /* Build configuration list for PBXNativeTarget "Table ViewsTests" */;
			buildPhases = (
				C4A445A22D06A661002B0FA4 /* Sources */,
				C4A445A32D06A661002B0FA4 /* Frameworks */,
				C4A445A42D06A661002B0FA4 /* Resources */,
			);
			buildRules = (
			);
			dependencies = (
				C4A445A82D06A661002B0FA4 /* PBXTargetDependency */,
			);
			fileSystemSynchronizedGroups = (
				C4A445A92D06A661002B0FA4 /* Table ViewsTests */,
			);
			name = "Table ViewsTests";
			packageProductDependencies = (
			);
			productName = "Table ViewsTests";
			productReference = C4A445A62D06A661002B0FA4 /* Table ViewsTests.xctest */;
			productType = "com.apple.product-type.bundle.unit-test";
		};
		C4A445AF2D06A661002B0FA4 /* Table ViewsUITests */ = {
			isa = PBXNativeTarget;
			buildConfigurationList = C4A445C12D06A661002B0FA4 /* Build configuration list for PBXNativeTarget "Table ViewsUITests" */;
			buildPhases = (
				C4A445AC2D06A661002B0FA4 /* Sources */,
				C4A445AD2D06A661002B0FA4 /* Frameworks */,
				C4A445AE2D06A661002B0FA4 /* Resources */,
			);
			buildRules = (
			);
			dependencies = (
				C4A445B22D06A661002B0FA4 /* PBXTargetDependency */,
			);
			fileSystemSynchronizedGroups = (
				C4A445B32D06A661002B0FA4 /* Table ViewsUITests */,
			);
			name = "Table ViewsUITests";
			packageProductDependencies = (
			);
			productName = "Table ViewsUITests";
			productReference = C4A445B02D06A661002B0FA4 /* Table ViewsUITests.xctest */;
			productType = "com.apple.product-type.bundle.ui-testing";
		};
/* End PBXNativeTarget section */

/* Begin PBXProject section */
		C4A445882D06A660002B0FA4 /* Project object */ = {
			isa = PBXProject;
			attributes = {
				BuildIndependentTargetsInParallel = 1;
				LastSwiftUpdateCheck = 1600;
				LastUpgradeCheck = 1600;
				TargetAttributes = {
					C4A4458F2D06A660002B0FA4 = {
						CreatedOnToolsVersion = 16.0;
					};
					C4A445A52D06A661002B0FA4 = {
						CreatedOnToolsVersion = 16.0;
						TestTargetID = C4A4458F2D06A660002B0FA4;
					};
					C4A445AF2D06A661002B0FA4 = {
						CreatedOnToolsVersion = 16.0;
						TestTargetID = C4A4458F2D06A660002B0FA4;
					};
				};
			};
			buildConfigurationList = C4A4458B2D06A660002B0FA4 /* Build configuration list for PBXProject "Table Views" */;
			developmentRegion = en;
			hasScannedForEncodings = 0;
			knownRegions = (
				en,
				Base,
			);
			mainGroup = C4A445872D06A660002B0FA4;
			minimizedProjectReferenceProxies = 1;
			preferredProjectObjectVersion = 77;
			productRefGroup = C4A445912D06A660002B0FA4 /* Products */;
			projectDirPath = "";
			projectRoot = "";
			targets = (
				C4A4458F2D06A660002B0FA4 /* Table Views */,
				C4A445A52D06A661002B0FA4 /* Table ViewsTests */,
				C4A445AF2D06A661002B0FA4 /* Table ViewsUITests */,
			);
		};
/* End PBXProject section */

/* Begin PBXResourcesBuildPhase section */
		C4A4458E2D06A660002B0FA4 /* Resources */ = {
			isa = PBXResourcesBuildPhase;
			buildActionMask = 2147483647;
			files = (
			);
			runOnlyForDeploymentPostprocessing = 0;
		};
		C4A445A42D06A661002B0FA4 /* Resources */ = {
			isa = PBXResourcesBuildPhase;
			buildActionMask = 2147483647;
			files = (
			);
			runOnlyForDeploymentPostprocessing = 0;
		};
		C4A445AE2D06A661002B0FA4 /* Resources */ = {
			isa = PBXResourcesBuildPhase;
			buildActionMask = 2147483647;
			files = (
			);
			runOnlyForDeploymentPostprocessing = 0;
		};
/* End PBXResourcesBuildPhase section */

/* Begin PBXSourcesBuildPhase section */
		C4A4458C2D06A660002B0FA4 /* Sources */ = {
			isa = PBXSourcesBuildPhase;
			buildActionMask = 2147483647;
			files = (
			);
			runOnlyForDeploymentPostprocessing = 0;
		};
		C4A445A22D06A661002B0FA4 /* Sources */ = {
			isa = PBXSourcesBuildPhase;
			buildActionMask = 2147483647;
			files = (
			);
			runOnlyForDeploymentPostprocessing = 0;
		};
		C4A445AC2D06A661002B0FA4 /* Sources */ = {
			isa = PBXSourcesBuildPhase;
			buildActionMask = 2147483647;
			files = (
			);
			runOnlyForDeploymentPostprocessing = 0;
		};
/* End PBXSourcesBuildPhase section */

/* Begin PBXTargetDependency section */
		C4A445A82D06A661002B0FA4 /* PBXTargetDependency */ = {
			isa = PBXTargetDependency;
			target = C4A4458F2D06A660002B0FA4 /* Table Views */;
			targetProxy = C4A445A72D06A661002B0FA4 /* PBXContainerItemProxy */;
		};
		C4A445B22D06A661002B0FA4 /* PBXTargetDependency */ = {
			isa = PBXTargetDependency;
			target = C4A4458F2D06A660002B0FA4 /* Table Views */;
			targetProxy = C4A445B12D06A661002B0FA4 /* PBXContainerItemProxy */;
		};
/* End PBXTargetDependency section */

/* Begin XCBuildConfiguration section */
		C4A445BA2D06A661002B0FA4 /* Debug */ = {
			isa = XCBuildConfiguration;
			buildSettings = {
				ASSETCATALOG_COMPILER_APPICON_NAME = AppIcon;
				ASSETCATALOG_COMPILER_GLOBAL_ACCENT_COLOR_NAME = AccentColor;
				CODE_SIGN_STYLE = Automatic;
				CURRENT_PROJECT_VERSION = 1;
				DEVELOPMENT_TEAM = G35LFCGGKB;
				GENERATE_INFOPLIST_FILE = YES;
				INFOPLIST_FILE = "Table Views/Info.plist";
				INFOPLIST_KEY_UIApplicationSupportsIndirectInputEvents = YES;
				INFOPLIST_KEY_UILaunchStoryboardName = LaunchScreen;
				INFOPLIST_KEY_UIMainStoryboardFile = Main;
				INFOPLIST_KEY_UISupportedInterfaceOrientations_iPad = "UIInterfaceOrientationPortrait UIInterfaceOrientationPortraitUpsideDown UIInterfaceOrientationLandscapeLeft UIInterfaceOrientationLandscapeRight";
				INFOPLIST_KEY_UISupportedInterfaceOrientations_iPhone = "UIInterfaceOrientationPortrait UIInterfaceOrientationLandscapeLeft UIInterfaceOrientationLandscapeRight";
				LD_RUNPATH_SEARCH_PATHS = (
					"$(inherited)",
					"@executable_path/Frameworks",
				);
				MARKETING_VERSION = 1.0;
				PRODUCT_BUNDLE_IDENTIFIER = "com.akhlak.Table-Views";
				PRODUCT_NAME = "$(TARGET_NAME)";
				SWIFT_EMIT_LOC_STRINGS = YES;
				SWIFT_VERSION = 5.0;
				TARGETED_DEVICE_FAMILY = "1,2";
			};
			name = Debug;
		};
		C4A445BB2D06A661002B0FA4 /* Release */ = {
			isa = XCBuildConfiguration;
			buildSettings = {
				ASSETCATALOG_COMPILER_APPICON_NAME = AppIcon;
				ASSETCATALOG_COMPILER_GLOBAL_ACCENT_COLOR_NAME = AccentColor;
				CODE_SIGN_STYLE = Automatic;
				CURRENT_PROJECT_VERSION = 1;
				DEVELOPMENT_TEAM = G35LFCGGKB;
				GENERATE_INFOPLIST_FILE = YES;
				INFOPLIST_FILE = "Table Views/Info.plist";
				INFOPLIST_KEY_UIApplicationSupportsIndirectInputEvents = YES;
				INFOPLIST_KEY_UILaunchStoryboardName = LaunchScreen;
				INFOPLIST_KEY_UIMainStoryboardFile = Main;
				INFOPLIST_KEY_UISupportedInterfaceOrientations_iPad = "UIInterfaceOrientationPortrait UIInterfaceOrientationPortraitUpsideDown UIInterfaceOrientationLandscapeLeft UIInterfaceOrientationLandscapeRight";
				INFOPLIST_KEY_UISupportedInterfaceOrientations_iPhone = "UIInterfaceOrientationPortrait UIInterfaceOrientationLandscapeLeft UIInterfaceOrientationLandscapeRight";
				LD_RUNPATH_SEARCH_PATHS = (
					"$(inherited)",
					"@executable_path/Frameworks",
				);
				MARKETING_VERSION = 1.0;
				PRODUCT_BUNDLE_IDENTIFIER = "com.akhlak.Table-Views";
				PRODUCT_NAME = "$(TARGET_NAME)";
				SWIFT_EMIT_LOC_STRINGS = YES;
				SWIFT_VERSION = 5.0;
				TARGETED_DEVICE_FAMILY = "1,2";
			};
			name = Release;
		};
		C4A445BC2D06A661002B0FA4 /* Debug */ = {
			isa = XCBuildConfiguration;
			buildSettings = {
				ALWAYS_SEARCH_USER_PATHS = NO;
				ASSETCATALOG_COMPILER_GENERATE_SWIFT_ASSET_SYMBOL_EXTENSIONS = YES;
				CLANG_ANALYZER_NONNULL = YES;
				CLANG_ANALYZER_NUMBER_OBJECT_CONVERSION = YES_AGGRESSIVE;
				CLANG_CXX_LANGUAGE_STANDARD = "gnu++20";
				CLANG_ENABLE_MODULES = YES;
				CLANG_ENABLE_OBJC_ARC = YES;
				CLANG_ENABLE_OBJC_WEAK = YES;
				CLANG_WARN_BLOCK_CAPTURE_AUTORELEASING = YES;
				CLANG_WARN_BOOL_CONVERSION = YES;
				CLANG_WARN_COMMA = YES;
				CLANG_WARN_CONSTANT_CONVERSION = YES;
				CLANG_WARN_DEPRECATED_OBJC_IMPLEMENTATIONS = YES;
				CLANG_WARN_DIRECT_OBJC_ISA_USAGE = YES_ERROR;
				CLANG_WARN_DOCUMENTATION_COMMENTS = YES;
				CLANG_WARN_EMPTY_BODY = YES;
				CLANG_WARN_ENUM_CONVERSION = YES;
				CLANG_WARN_INFINITE_RECURSION = YES;
				CLANG_WARN_INT_CONVERSION = YES;
				CLANG_WARN_NON_LITERAL_NULL_CONVERSION = YES;
				CLANG_WARN_OBJC_IMPLICIT_RETAIN_SELF = YES;
				CLANG_WARN_OBJC_LITERAL_CONVERSION = YES;
				CLANG_WARN_OBJC_ROOT_CLASS = YES_ERROR;
				CLANG_WARN_QUOTED_INCLUDE_IN_FRAMEWORK_HEADER = YES;
				CLANG_WARN_RANGE_LOOP_ANALYSIS = YES;
				CLANG_WARN_STRICT_PROTOTYPES = YES;
				CLANG_WARN_SUSPICIOUS_MOVE = YES;
				CLANG_WARN_UNGUARDED_AVAILABILITY = YES_AGGRESSIVE;
				CLANG_WARN_UNREACHABLE_CODE = YES;
				CLANG_WARN__DUPLICATE_METHOD_MATCH = YES;
				COPY_PHASE_STRIP = NO;
				DEBUG_INFORMATION_FORMAT = dwarf;
				ENABLE_STRICT_OBJC_MSGSEND = YES;
				ENABLE_TESTABILITY = YES;
				ENABLE_USER_SCRIPT_SANDBOXING = YES;
				GCC_C_LANGUAGE_STANDARD = gnu17;
				GCC_DYNAMIC_NO_PIC = NO;
				GCC_NO_COMMON_BLOCKS = YES;
				GCC_OPTIMIZATION_LEVEL = 0;
				GCC_PREPROCESSOR_DEFINITIONS = (
					"DEBUG=1",
					"$(inherited)",
				);
				GCC_WARN_64_TO_32_BIT_CONVERSION = YES;
				GCC_WARN_ABOUT_RETURN_TYPE = YES_ERROR;
				GCC_WARN_UNDECLARED_SELECTOR = YES;
				GCC_WARN_UNINITIALIZED_AUTOS = YES_AGGRESSIVE;
				GCC_WARN_UNUSED_FUNCTION = YES;
				GCC_WARN_UNUSED_VARIABLE = YES;
				IPHONEOS_DEPLOYMENT_TARGET = 18.0;
				LOCALIZATION_PREFERS_STRING_CATALOGS = YES;
				MTL_ENABLE_DEBUG_INFO = INCLUDE_SOURCE;
				MTL_FAST_MATH = YES;
				ONLY_ACTIVE_ARCH = YES;
				SDKROOT = iphoneos;
				SWIFT_ACTIVE_COMPILATION_CONDITIONS = "DEBUG $(inherited)";
				SWIFT_OPTIMIZATION_LEVEL = "-Onone";
			};
			name = Debug;
		};
		C4A445BD2D06A661002B0FA4 /* Release */ = {
			isa = XCBuildConfiguration;
			buildSettings = {
				ALWAYS_SEARCH_USER_PATHS = NO;
				ASSETCATALOG_COMPILER_GENERATE_SWIFT_ASSET_SYMBOL_EXTENSIONS = YES;
				CLANG_ANALYZER_NONNULL = YES;
				CLANG_ANALYZER_NUMBER_OBJECT_CONVERSION = YES_AGGRESSIVE;
				CLANG_CXX_LANGUAGE_STANDARD = "gnu++20";
				CLANG_ENABLE_MODULES = YES;
				CLANG_ENABLE_OBJC_ARC = YES;
				CLANG_ENABLE_OBJC_WEAK = YES;
				CLANG_WARN_BLOCK_CAPTURE_AUTORELEASING = YES;
				CLANG_WARN_BOOL_CONVERSION = YES;
				CLANG_WARN_COMMA = YES;
				CLANG_WARN_CONSTANT_CONVERSION = YES;
				CLANG_WARN_DEPRECATED_OBJC_IMPLEMENTATIONS = YES;
				CLANG_WARN_DIRECT_OBJC_ISA_USAGE = YES_ERROR;
				CLANG_WARN_DOCUMENTATION_COMMENTS = YES;
				CLANG_WARN_EMPTY_BODY = YES;
				CLANG_WARN_ENUM_CONVERSION = YES;
				CLANG_WARN_INFINITE_RECURSION = YES;
				CLANG_WARN_INT_CONVERSION = YES;
				CLANG_WARN_NON_LITERAL_NULL_CONVERSION = YES;
				CLANG_WARN_OBJC_IMPLICIT_RETAIN_SELF = YES;
				CLANG_WARN_OBJC_LITERAL_CONVERSION = YES;
				CLANG_WARN_OBJC_ROOT_CLASS = YES_ERROR;
				CLANG_WARN_QUOTED_INCLUDE_IN_FRAMEWORK_HEADER = YES;
				CLANG_WARN_RANGE_LOOP_ANALYSIS = YES;
				CLANG_WARN_STRICT_PROTOTYPES = YES;
				CLANG_WARN_SUSPICIOUS_MOVE = YES;
				CLANG_WARN_UNGUARDED_AVAILABILITY = YES_AGGRESSIVE;
				CLANG_WARN_UNREACHABLE_CODE = YES;
				CLANG_WARN__DUPLICATE_METHOD_MATCH = YES;
				COPY_PHASE_STRIP = NO;
				DEBUG_INFORMATION_FORMAT = "dwarf-with-dsym";
				ENABLE_NS_ASSERTIONS = NO;
				ENABLE_STRICT_OBJC_MSGSEND = YES;
				ENABLE_USER_SCRIPT_SANDBOXING = YES;
				GCC_C_LANGUAGE_STANDARD = gnu17;
				GCC_NO_COMMON_BLOCKS = YES;
				GCC_WARN_64_TO_32_BIT_CONVERSION = YES;
				GCC_WARN_ABOUT_RETURN_TYPE = YES_ERROR;
				GCC_WARN_UNDECLARED_SELECTOR = YES;
				GCC_WARN_UNINITIALIZED_AUTOS = YES_AGGRESSIVE;
				GCC_WARN_UNUSED_FUNCTION = YES;
				GCC_WARN_UNUSED_VARIABLE = YES;
				IPHONEOS_DEPLOYMENT_TARGET = 18.0;
				LOCALIZATION_PREFERS_STRING_CATALOGS = YES;
				MTL_ENABLE_DEBUG_INFO = NO;
				MTL_FAST_MATH = YES;
				SDKROOT = iphoneos;
				SWIFT_COMPILATION_MODE = wholemodule;
				VALIDATE_PRODUCT = YES;
			};
			name = Release;
		};
		C4A445BF2D06A661002B0FA4 /* Debug */ = {
			isa = XCBuildConfiguration;
			buildSettings = {
				BUNDLE_LOADER = "$(TEST_HOST)";
				CODE_SIGN_STYLE = Automatic;
				CURRENT_PROJECT_VERSION = 1;
				DEVELOPMENT_TEAM = G35LFCGGKB;
				GENERATE_INFOPLIST_FILE = YES;
				IPHONEOS_DEPLOYMENT_TARGET = 18.0;
				MARKETING_VERSION = 1.0;
				PRODUCT_BUNDLE_IDENTIFIER = "com.akhlak.Table-ViewsTests";
				PRODUCT_NAME = "$(TARGET_NAME)";
				SWIFT_EMIT_LOC_STRINGS = NO;
				SWIFT_VERSION = 5.0;
				TARGETED_DEVICE_FAMILY = "1,2";
				TEST_HOST = "$(BUILT_PRODUCTS_DIR)/Table Views.app/$(BUNDLE_EXECUTABLE_FOLDER_PATH)/Table Views";
			};
			name = Debug;
		};
		C4A445C02D06A661002B0FA4 /* Release */ = {
			isa = XCBuildConfiguration;
			buildSettings = {
				BUNDLE_LOADER = "$(TEST_HOST)";
				CODE_SIGN_STYLE = Automatic;
				CURRENT_PROJECT_VERSION = 1;
				DEVELOPMENT_TEAM = G35LFCGGKB;
				GENERATE_INFOPLIST_FILE = YES;
				IPHONEOS_DEPLOYMENT_TARGET = 18.0;
				MARKETING_VERSION = 1.0;
				PRODUCT_BUNDLE_IDENTIFIER = "com.akhlak.Table-ViewsTests";
				PRODUCT_NAME = "$(TARGET_NAME)";
				SWIFT_EMIT_LOC_STRINGS = NO;
				SWIFT_VERSION = 5.0;
				TARGETED_DEVICE_FAMILY = "1,2";
				TEST_HOST = "$(BUILT_PRODUCTS_DIR)/Table Views.app/$(BUNDLE_EXECUTABLE_FOLDER_PATH)/Table Views";
			};
			name = Release;
		};
		C4A445C22D06A661002B0FA4 /* Debug */ = {
			isa = XCBuildConfiguration;
			buildSettings = {
				CODE_SIGN_STYLE = Automatic;
				CURRENT_PROJECT_VERSION = 1;
				DEVELOPMENT_TEAM = G35LFCGGKB;
				GENERATE_INFOPLIST_FILE = YES;
				MARKETING_VERSION = 1.0;
				PRODUCT_BUNDLE_IDENTIFIER = "com.akhlak.Table-ViewsUITests";
				PRODUCT_NAME = "$(TARGET_NAME)";
				SWIFT_EMIT_LOC_STRINGS = NO;
				SWIFT_VERSION = 5.0;
				TARGETED_DEVICE_FAMILY = "1,2";
				TEST_TARGET_NAME = "Table Views";
			};
			name = Debug;
		};
		C4A445C32D06A661002B0FA4 /* Release */ = {
			isa = XCBuildConfiguration;
			buildSettings = {
				CODE_SIGN_STYLE = Automatic;
				CURRENT_PROJECT_VERSION = 1;
				DEVELOPMENT_TEAM = G35LFCGGKB;
				GENERATE_INFOPLIST_FILE = YES;
				MARKETING_VERSION = 1.0;
				PRODUCT_BUNDLE_IDENTIFIER = "com.akhlak.Table-ViewsUITests";
				PRODUCT_NAME = "$(TARGET_NAME)";
				SWIFT_EMIT_LOC_STRINGS = NO;
				SWIFT_VERSION = 5.0;
				TARGETED_DEVICE_FAMILY = "1,2";
				TEST_TARGET_NAME = "Table Views";
			};
			name = Release;
		};
/* End XCBuildConfiguration section */

/* Begin XCConfigurationList section */
		C4A4458B2D06A660002B0FA4 /* Build configuration list for PBXProject "Table Views" */ = {
			isa = XCConfigurationList;
			buildConfigurations = (
				C4A445BC2D06A661002B0FA4 /* Debug */,
				C4A445BD2D06A661002B0FA4 /* Release */,
			);
			defaultConfigurationIsVisible = 0;
			defaultConfigurationName = Release;
		};
		C4A445B92D06A661002B0FA4 /* Build configuration list for PBXNativeTarget "Table Views" */ = {
			isa = XCConfigurationList;
			buildConfigurations = (
				C4A445BA2D06A661002B0FA4 /* Debug */,
				C4A445BB2D06A661002B0FA4 /* Release */,
			);
			defaultConfigurationIsVisible = 0;
			defaultConfigurationName = Release;
		};
		C4A445BE2D06A661002B0FA4 /* Build configuration list for PBXNativeTarget "Table ViewsTests" */ = {
			isa = XCConfigurationList;
			buildConfigurations = (
				C4A445BF2D06A661002B0FA4 /* Debug */,
				C4A445C02D06A661002B0FA4 /* Release */,
			);
			defaultConfigurationIsVisible = 0;
			defaultConfigurationName = Release;
		};
		C4A445C12D06A661002B0FA4 /* Build configuration list for PBXNativeTarget "Table ViewsUITests" */ = {
			isa = XCConfigurationList;
			buildConfigurations = (
				C4A445C22D06A661002B0FA4 /* Debug */,
				C4A445C32D06A661002B0FA4 /* Release */,
			);
			defaultConfigurationIsVisible = 0;
			defaultConfigurationName = Release;
		};
/* End XCConfigurationList section */
	};
	rootObject = C4A445882D06A660002B0FA4 /* Project object */;
}
