// !$*UTF8*$!
{
	archiveVersion = 1;
	classes = {
	};
	objectVersion = 77;
	objects = {

/* Begin PBXContainerItemProxy section */
		C452237E2CEB3629009D99F3 /* PBXContainerItemProxy */ = {
			isa = PBXContainerItemProxy;
			containerPortal = C452235F2CEB3628009D99F3 /* Project object */;
			proxyType = 1;
			remoteGlobalIDString = C45223662CEB3628009D99F3;
			remoteInfo = TrafficSegue;
		};
		C45223882CEB3629009D99F3 /* PBXContainerItemProxy */ = {
			isa = PBXContainerItemProxy;
			containerPortal = C452235F2CEB3628009D99F3 /* Project object */;
			proxyType = 1;
			remoteGlobalIDString = C45223662CEB3628009D99F3;
			remoteInfo = TrafficSegue;
		};
/* End PBXContainerItemProxy section */

/* Begin PBXFileReference section */
		C45223672CEB3628009D99F3 /* TrafficSegue.app */ = {isa = PBXFileReference; explicitFileType = wrapper.application; includeInIndex = 0; path = TrafficSegue.app; sourceTree = BUILT_PRODUCTS_DIR; };
		C452237D2CEB3629009D99F3 /* TrafficSegueTests.xctest */ = {isa = PBXFileReference; explicitFileType = wrapper.cfbundle; includeInIndex = 0; path = TrafficSegueTests.xctest; sourceTree = BUILT_PRODUCTS_DIR; };
		C45223872CEB3629009D99F3 /* TrafficSegueUITests.xctest */ = {isa = PBXFileReference; explicitFileType = wrapper.cfbundle; includeInIndex = 0; path = TrafficSegueUITests.xctest; sourceTree = BUILT_PRODUCTS_DIR; };
/* End PBXFileReference section */

/* Begin PBXFileSystemSynchronizedBuildFileExceptionSet section */
		C452238F2CEB3629009D99F3 /* Exceptions for "TrafficSegue" folder in "TrafficSegue" target */ = {
			isa = PBXFileSystemSynchronizedBuildFileExceptionSet;
			membershipExceptions = (
				Info.plist,
			);
			target = C45223662CEB3628009D99F3 /* TrafficSegue */;
		};
/* End PBXFileSystemSynchronizedBuildFileExceptionSet section */

/* Begin PBXFileSystemSynchronizedRootGroup section */
		C45223692CEB3628009D99F3 /* TrafficSegue */ = {
			isa = PBXFileSystemSynchronizedRootGroup;
			exceptions = (
				C452238F2CEB3629009D99F3 /* Exceptions for "TrafficSegue" folder in "TrafficSegue" target */,
			);
			path = TrafficSegue;
			sourceTree = "<group>";
		};
		C45223802CEB3629009D99F3 /* TrafficSegueTests */ = {
			isa = PBXFileSystemSynchronizedRootGroup;
			path = TrafficSegueTests;
			sourceTree = "<group>";
		};
		C452238A2CEB3629009D99F3 /* TrafficSegueUITests */ = {
			isa = PBXFileSystemSynchronizedRootGroup;
			path = TrafficSegueUITests;
			sourceTree = "<group>";
		};
/* End PBXFileSystemSynchronizedRootGroup section */

/* Begin PBXFrameworksBuildPhase section */
		C45223642CEB3628009D99F3 /* Frameworks */ = {
			isa = PBXFrameworksBuildPhase;
			buildActionMask = 2147483647;
			files = (
			);
			runOnlyForDeploymentPostprocessing = 0;
		};
		C452237A2CEB3629009D99F3 /* Frameworks */ = {
			isa = PBXFrameworksBuildPhase;
			buildActionMask = 2147483647;
			files = (
			);
			runOnlyForDeploymentPostprocessing = 0;
		};
		C45223842CEB3629009D99F3 /* Frameworks */ = {
			isa = PBXFrameworksBuildPhase;
			buildActionMask = 2147483647;
			files = (
			);
			runOnlyForDeploymentPostprocessing = 0;
		};
/* End PBXFrameworksBuildPhase section */

/* Begin PBXGroup section */
		C452235E2CEB3628009D99F3 = {
			isa = PBXGroup;
			children = (
				C45223692CEB3628009D99F3 /* TrafficSegue */,
				C45223802CEB3629009D99F3 /* TrafficSegueTests */,
				C452238A2CEB3629009D99F3 /* TrafficSegueUITests */,
				C45223682CEB3628009D99F3 /* Products */,
			);
			sourceTree = "<group>";
		};
		C45223682CEB3628009D99F3 /* Products */ = {
			isa = PBXGroup;
			children = (
				C45223672CEB3628009D99F3 /* TrafficSegue.app */,
				C452237D2CEB3629009D99F3 /* TrafficSegueTests.xctest */,
				C45223872CEB3629009D99F3 /* TrafficSegueUITests.xctest */,
			);
			name = Products;
			sourceTree = "<group>";
		};
/* End PBXGroup section */

/* Begin PBXNativeTarget section */
		C45223662CEB3628009D99F3 /* TrafficSegue */ = {
			isa = PBXNativeTarget;
			buildConfigurationList = C45223902CEB3629009D99F3 /* Build configuration list for PBXNativeTarget "TrafficSegue" */;
			buildPhases = (
				C45223632CEB3628009D99F3 /* Sources */,
				C45223642CEB3628009D99F3 /* Frameworks */,
				C45223652CEB3628009D99F3 /* Resources */,
			);
			buildRules = (
			);
			dependencies = (
			);
			fileSystemSynchronizedGroups = (
				C45223692CEB3628009D99F3 /* TrafficSegue */,
			);
			name = TrafficSegue;
			packageProductDependencies = (
			);
			productName = TrafficSegue;
			productReference = C45223672CEB3628009D99F3 /* TrafficSegue.app */;
			productType = "com.apple.product-type.application";
		};
		C452237C2CEB3629009D99F3 /* TrafficSegueTests */ = {
			isa = PBXNativeTarget;
			buildConfigurationList = C45223952CEB3629009D99F3 /* Build configuration list for PBXNativeTarget "TrafficSegueTests" */;
			buildPhases = (
				C45223792CEB3629009D99F3 /* Sources */,
				C452237A2CEB3629009D99F3 /* Frameworks */,
				C452237B2CEB3629009D99F3 /* Resources */,
			);
			buildRules = (
			);
			dependencies = (
				C452237F2CEB3629009D99F3 /* PBXTargetDependency */,
			);
			fileSystemSynchronizedGroups = (
				C45223802CEB3629009D99F3 /* TrafficSegueTests */,
			);
			name = TrafficSegueTests;
			packageProductDependencies = (
			);
			productName = TrafficSegueTests;
			productReference = C452237D2CEB3629009D99F3 /* TrafficSegueTests.xctest */;
			productType = "com.apple.product-type.bundle.unit-test";
		};
		C45223862CEB3629009D99F3 /* TrafficSegueUITests */ = {
			isa = PBXNativeTarget;
			buildConfigurationList = C45223982CEB3629009D99F3 /* Build configuration list for PBXNativeTarget "TrafficSegueUITests" */;
			buildPhases = (
				C45223832CEB3629009D99F3 /* Sources */,
				C45223842CEB3629009D99F3 /* Frameworks */,
				C45223852CEB3629009D99F3 /* Resources */,
			);
			buildRules = (
			);
			dependencies = (
				C45223892CEB3629009D99F3 /* PBXTargetDependency */,
			);
			fileSystemSynchronizedGroups = (
				C452238A2CEB3629009D99F3 /* TrafficSegueUITests */,
			);
			name = TrafficSegueUITests;
			packageProductDependencies = (
			);
			productName = TrafficSegueUITests;
			productReference = C45223872CEB3629009D99F3 /* TrafficSegueUITests.xctest */;
			productType = "com.apple.product-type.bundle.ui-testing";
		};
/* End PBXNativeTarget section */

/* Begin PBXProject section */
		C452235F2CEB3628009D99F3 /* Project object */ = {
			isa = PBXProject;
			attributes = {
				BuildIndependentTargetsInParallel = 1;
				LastSwiftUpdateCheck = 1600;
				LastUpgradeCheck = 1600;
				TargetAttributes = {
					C45223662CEB3628009D99F3 = {
						CreatedOnToolsVersion = 16.0;
					};
					C452237C2CEB3629009D99F3 = {
						CreatedOnToolsVersion = 16.0;
						TestTargetID = C45223662CEB3628009D99F3;
					};
					C45223862CEB3629009D99F3 = {
						CreatedOnToolsVersion = 16.0;
						TestTargetID = C45223662CEB3628009D99F3;
					};
				};
			};
			buildConfigurationList = C45223622CEB3628009D99F3 /* Build configuration list for PBXProject "TrafficSegue" */;
			developmentRegion = en;
			hasScannedForEncodings = 0;
			knownRegions = (
				en,
				Base,
			);
			mainGroup = C452235E2CEB3628009D99F3;
			minimizedProjectReferenceProxies = 1;
			preferredProjectObjectVersion = 77;
			productRefGroup = C45223682CEB3628009D99F3 /* Products */;
			projectDirPath = "";
			projectRoot = "";
			targets = (
				C45223662CEB3628009D99F3 /* TrafficSegue */,
				C452237C2CEB3629009D99F3 /* TrafficSegueTests */,
				C45223862CEB3629009D99F3 /* TrafficSegueUITests */,
			);
		};
/* End PBXProject section */

/* Begin PBXResourcesBuildPhase section */
		C45223652CEB3628009D99F3 /* Resources */ = {
			isa = PBXResourcesBuildPhase;
			buildActionMask = 2147483647;
			files = (
			);
			runOnlyForDeploymentPostprocessing = 0;
		};
		C452237B2CEB3629009D99F3 /* Resources */ = {
			isa = PBXResourcesBuildPhase;
			buildActionMask = 2147483647;
			files = (
			);
			runOnlyForDeploymentPostprocessing = 0;
		};
		C45223852CEB3629009D99F3 /* Resources */ = {
			isa = PBXResourcesBuildPhase;
			buildActionMask = 2147483647;
			files = (
			);
			runOnlyForDeploymentPostprocessing = 0;
		};
/* End PBXResourcesBuildPhase section */

/* Begin PBXSourcesBuildPhase section */
		C45223632CEB3628009D99F3 /* Sources */ = {
			isa = PBXSourcesBuildPhase;
			buildActionMask = 2147483647;
			files = (
			);
			runOnlyForDeploymentPostprocessing = 0;
		};
		C45223792CEB3629009D99F3 /* Sources */ = {
			isa = PBXSourcesBuildPhase;
			buildActionMask = 2147483647;
			files = (
			);
			runOnlyForDeploymentPostprocessing = 0;
		};
		C45223832CEB3629009D99F3 /* Sources */ = {
			isa = PBXSourcesBuildPhase;
			buildActionMask = 2147483647;
			files = (
			);
			runOnlyForDeploymentPostprocessing = 0;
		};
/* End PBXSourcesBuildPhase section */

/* Begin PBXTargetDependency section */
		C452237F2CEB3629009D99F3 /* PBXTargetDependency */ = {
			isa = PBXTargetDependency;
			target = C45223662CEB3628009D99F3 /* TrafficSegue */;
			targetProxy = C452237E2CEB3629009D99F3 /* PBXContainerItemProxy */;
		};
		C45223892CEB3629009D99F3 /* PBXTargetDependency */ = {
			isa = PBXTargetDependency;
			target = C45223662CEB3628009D99F3 /* TrafficSegue */;
			targetProxy = C45223882CEB3629009D99F3 /* PBXContainerItemProxy */;
		};
/* End PBXTargetDependency section */

/* Begin XCBuildConfiguration section */
		C45223912CEB3629009D99F3 /* Debug */ = {
			isa = XCBuildConfiguration;
			buildSettings = {
				ASSETCATALOG_COMPILER_APPICON_NAME = AppIcon;
				ASSETCATALOG_COMPILER_GLOBAL_ACCENT_COLOR_NAME = AccentColor;
				CODE_SIGN_STYLE = Automatic;
				CURRENT_PROJECT_VERSION = 1;
				GENERATE_INFOPLIST_FILE = YES;
				INFOPLIST_FILE = TrafficSegue/Info.plist;
				INFOPLIST_KEY_UIApplicationSupportsIndirectInputEvents = YES;
				INFOPLIST_KEY_UILaunchStoryboardName = LaunchScreen;
				INFOPLIST_KEY_UIMainStoryboardFile = Main;
				INFOPLIST_KEY_UISupportedInterfaceOrientations_iPad = "UIInterfaceOrientationPortrait UIInterfaceOrientationPortraitUpsideDown UIInterfaceOrientationLandscapeLeft UIInterfaceOrientationLandscapeRight";
				INFOPLIST_KEY_UISupportedInterfaceOrientations_iPhone = "UIInterfaceOrientationPortrait UIInterfaceOrientationLandscapeLeft UIInterfaceOrientationLandscapeRight";
				LD_RUNPATH_SEARCH_PATHS = (
					"$(inherited)",
					"@executable_path/Frameworks",
				);
				MARKETING_VERSION = 1.0;
				PRODUCT_BUNDLE_IDENTIFIER = com.akhlak.TrafficSegue;
				PRODUCT_NAME = "$(TARGET_NAME)";
				SWIFT_EMIT_LOC_STRINGS = YES;
				SWIFT_VERSION = 5.0;
				TARGETED_DEVICE_FAMILY = "1,2";
			};
			name = Debug;
		};
		C45223922CEB3629009D99F3 /* Release */ = {
			isa = XCBuildConfiguration;
			buildSettings = {
				ASSETCATALOG_COMPILER_APPICON_NAME = AppIcon;
				ASSETCATALOG_COMPILER_GLOBAL_ACCENT_COLOR_NAME = AccentColor;
				CODE_SIGN_STYLE = Automatic;
				CURRENT_PROJECT_VERSION = 1;
				GENERATE_INFOPLIST_FILE = YES;
				INFOPLIST_FILE = TrafficSegue/Info.plist;
				INFOPLIST_KEY_UIApplicationSupportsIndirectInputEvents = YES;
				INFOPLIST_KEY_UILaunchStoryboardName = LaunchScreen;
				INFOPLIST_KEY_UIMainStoryboardFile = Main;
				INFOPLIST_KEY_UISupportedInterfaceOrientations_iPad = "UIInterfaceOrientationPortrait UIInterfaceOrientationPortraitUpsideDown UIInterfaceOrientationLandscapeLeft UIInterfaceOrientationLandscapeRight";
				INFOPLIST_KEY_UISupportedInterfaceOrientations_iPhone = "UIInterfaceOrientationPortrait UIInterfaceOrientationLandscapeLeft UIInterfaceOrientationLandscapeRight";
				LD_RUNPATH_SEARCH_PATHS = (
					"$(inherited)",
					"@executable_path/Frameworks",
				);
				MARKETING_VERSION = 1.0;
				PRODUCT_BUNDLE_IDENTIFIER = com.akhlak.TrafficSegue;
				PRODUCT_NAME = "$(TARGET_NAME)";
				SWIFT_EMIT_LOC_STRINGS = YES;
				SWIFT_VERSION = 5.0;
				TARGETED_DEVICE_FAMILY = "1,2";
			};
			name = Release;
		};
		C45223932CEB3629009D99F3 /* Debug */ = {
			isa = XCBuildConfiguration;
			buildSettings = {
				ALWAYS_SEARCH_USER_PATHS = NO;
				ASSETCATALOG_COMPILER_GENERATE_SWIFT_ASSET_SYMBOL_EXTENSIONS = YES;
				CLANG_ANALYZER_NONNULL = YES;
				CLANG_ANALYZER_NUMBER_OBJECT_CONVERSION = YES_AGGRESSIVE;
				CLANG_CXX_LANGUAGE_STANDARD = "gnu++20";
				CLANG_ENABLE_MODULES = YES;
				CLANG_ENABLE_OBJC_ARC = YES;
				CLANG_ENABLE_OBJC_WEAK = YES;
				CLANG_WARN_BLOCK_CAPTURE_AUTORELEASING = YES;
				CLANG_WARN_BOOL_CONVERSION = YES;
				CLANG_WARN_COMMA = YES;
				CLANG_WARN_CONSTANT_CONVERSION = YES;
				CLANG_WARN_DEPRECATED_OBJC_IMPLEMENTATIONS = YES;
				CLANG_WARN_DIRECT_OBJC_ISA_USAGE = YES_ERROR;
				CLANG_WARN_DOCUMENTATION_COMMENTS = YES;
				CLANG_WARN_EMPTY_BODY = YES;
				CLANG_WARN_ENUM_CONVERSION = YES;
				CLANG_WARN_INFINITE_RECURSION = YES;
				CLANG_WARN_INT_CONVERSION = YES;
				CLANG_WARN_NON_LITERAL_NULL_CONVERSION = YES;
				CLANG_WARN_OBJC_IMPLICIT_RETAIN_SELF = YES;
				CLANG_WARN_OBJC_LITERAL_CONVERSION = YES;
				CLANG_WARN_OBJC_ROOT_CLASS = YES_ERROR;
				CLANG_WARN_QUOTED_INCLUDE_IN_FRAMEWORK_HEADER = YES;
				CLANG_WARN_RANGE_LOOP_ANALYSIS = YES;
				CLANG_WARN_STRICT_PROTOTYPES = YES;
				CLANG_WARN_SUSPICIOUS_MOVE = YES;
				CLANG_WARN_UNGUARDED_AVAILABILITY = YES_AGGRESSIVE;
				CLANG_WARN_UNREACHABLE_CODE = YES;
				CLANG_WARN__DUPLICATE_METHOD_MATCH = YES;
				COPY_PHASE_STRIP = NO;
				DEBUG_INFORMATION_FORMAT = dwarf;
				ENABLE_STRICT_OBJC_MSGSEND = YES;
				ENABLE_TESTABILITY = YES;
				ENABLE_USER_SCRIPT_SANDBOXING = YES;
				GCC_C_LANGUAGE_STANDARD = gnu17;
				GCC_DYNAMIC_NO_PIC = NO;
				GCC_NO_COMMON_BLOCKS = YES;
				GCC_OPTIMIZATION_LEVEL = 0;
				GCC_PREPROCESSOR_DEFINITIONS = (
					"DEBUG=1",
					"$(inherited)",
				);
				GCC_WARN_64_TO_32_BIT_CONVERSION = YES;
				GCC_WARN_ABOUT_RETURN_TYPE = YES_ERROR;
				GCC_WARN_UNDECLARED_SELECTOR = YES;
				GCC_WARN_UNINITIALIZED_AUTOS = YES_AGGRESSIVE;
				GCC_WARN_UNUSED_FUNCTION = YES;
				GCC_WARN_UNUSED_VARIABLE = YES;
				IPHONEOS_DEPLOYMENT_TARGET = 18.0;
				LOCALIZATION_PREFERS_STRING_CATALOGS = YES;
				MTL_ENABLE_DEBUG_INFO = INCLUDE_SOURCE;
				MTL_FAST_MATH = YES;
				ONLY_ACTIVE_ARCH = YES;
				SDKROOT = iphoneos;
				SWIFT_ACTIVE_COMPILATION_CONDITIONS = "DEBUG $(inherited)";
				SWIFT_OPTIMIZATION_LEVEL = "-Onone";
			};
			name = Debug;
		};
		C45223942CEB3629009D99F3 /* Release */ = {
			isa = XCBuildConfiguration;
			buildSettings = {
				ALWAYS_SEARCH_USER_PATHS = NO;
				ASSETCATALOG_COMPILER_GENERATE_SWIFT_ASSET_SYMBOL_EXTENSIONS = YES;
				CLANG_ANALYZER_NONNULL = YES;
				CLANG_ANALYZER_NUMBER_OBJECT_CONVERSION = YES_AGGRESSIVE;
				CLANG_CXX_LANGUAGE_STANDARD = "gnu++20";
				CLANG_ENABLE_MODULES = YES;
				CLANG_ENABLE_OBJC_ARC = YES;
				CLANG_ENABLE_OBJC_WEAK = YES;
				CLANG_WARN_BLOCK_CAPTURE_AUTORELEASING = YES;
				CLANG_WARN_BOOL_CONVERSION = YES;
				CLANG_WARN_COMMA = YES;
				CLANG_WARN_CONSTANT_CONVERSION = YES;
				CLANG_WARN_DEPRECATED_OBJC_IMPLEMENTATIONS = YES;
				CLANG_WARN_DIRECT_OBJC_ISA_USAGE = YES_ERROR;
				CLANG_WARN_DOCUMENTATION_COMMENTS = YES;
				CLANG_WARN_EMPTY_BODY = YES;
				CLANG_WARN_ENUM_CONVERSION = YES;
				CLANG_WARN_INFINITE_RECURSION = YES;
				CLANG_WARN_INT_CONVERSION = YES;
				CLANG_WARN_NON_LITERAL_NULL_CONVERSION = YES;
				CLANG_WARN_OBJC_IMPLICIT_RETAIN_SELF = YES;
				CLANG_WARN_OBJC_LITERAL_CONVERSION = YES;
				CLANG_WARN_OBJC_ROOT_CLASS = YES_ERROR;
				CLANG_WARN_QUOTED_INCLUDE_IN_FRAMEWORK_HEADER = YES;
				CLANG_WARN_RANGE_LOOP_ANALYSIS = YES;
				CLANG_WARN_STRICT_PROTOTYPES = YES;
				CLANG_WARN_SUSPICIOUS_MOVE = YES;
				CLANG_WARN_UNGUARDED_AVAILABILITY = YES_AGGRESSIVE;
				CLANG_WARN_UNREACHABLE_CODE = YES;
				CLANG_WARN__DUPLICATE_METHOD_MATCH = YES;
				COPY_PHASE_STRIP = NO;
				DEBUG_INFORMATION_FORMAT = "dwarf-with-dsym";
				ENABLE_NS_ASSERTIONS = NO;
				ENABLE_STRICT_OBJC_MSGSEND = YES;
				ENABLE_USER_SCRIPT_SANDBOXING = YES;
				GCC_C_LANGUAGE_STANDARD = gnu17;
				GCC_NO_COMMON_BLOCKS = YES;
				GCC_WARN_64_TO_32_BIT_CONVERSION = YES;
				GCC_WARN_ABOUT_RETURN_TYPE = YES_ERROR;
				GCC_WARN_UNDECLARED_SELECTOR = YES;
				GCC_WARN_UNINITIALIZED_AUTOS = YES_AGGRESSIVE;
				GCC_WARN_UNUSED_FUNCTION = YES;
				GCC_WARN_UNUSED_VARIABLE = YES;
				IPHONEOS_DEPLOYMENT_TARGET = 18.0;
				LOCALIZATION_PREFERS_STRING_CATALOGS = YES;
				MTL_ENABLE_DEBUG_INFO = NO;
				MTL_FAST_MATH = YES;
				SDKROOT = iphoneos;
				SWIFT_COMPILATION_MODE = wholemodule;
				VALIDATE_PRODUCT = YES;
			};
			name = Release;
		};
		C45223962CEB3629009D99F3 /* Debug */ = {
			isa = XCBuildConfiguration;
			buildSettings = {
				BUNDLE_LOADER = "$(TEST_HOST)";
				CODE_SIGN_STYLE = Automatic;
				CURRENT_PROJECT_VERSION = 1;
				GENERATE_INFOPLIST_FILE = YES;
				IPHONEOS_DEPLOYMENT_TARGET = 18.0;
				MARKETING_VERSION = 1.0;
				PRODUCT_BUNDLE_IDENTIFIER = com.akhlak.TrafficSegueTests;
				PRODUCT_NAME = "$(TARGET_NAME)";
				SWIFT_EMIT_LOC_STRINGS = NO;
				SWIFT_VERSION = 5.0;
				TARGETED_DEVICE_FAMILY = "1,2";
				TEST_HOST = "$(BUILT_PRODUCTS_DIR)/TrafficSegue.app/$(BUNDLE_EXECUTABLE_FOLDER_PATH)/TrafficSegue";
			};
			name = Debug;
		};
		C45223972CEB3629009D99F3 /* Release */ = {
			isa = XCBuildConfiguration;
			buildSettings = {
				BUNDLE_LOADER = "$(TEST_HOST)";
				CODE_SIGN_STYLE = Automatic;
				CURRENT_PROJECT_VERSION = 1;
				GENERATE_INFOPLIST_FILE = YES;
				IPHONEOS_DEPLOYMENT_TARGET = 18.0;
				MARKETING_VERSION = 1.0;
				PRODUCT_BUNDLE_IDENTIFIER = com.akhlak.TrafficSegueTests;
				PRODUCT_NAME = "$(TARGET_NAME)";
				SWIFT_EMIT_LOC_STRINGS = NO;
				SWIFT_VERSION = 5.0;
				TARGETED_DEVICE_FAMILY = "1,2";
				TEST_HOST = "$(BUILT_PRODUCTS_DIR)/TrafficSegue.app/$(BUNDLE_EXECUTABLE_FOLDER_PATH)/TrafficSegue";
			};
			name = Release;
		};
		C45223992CEB3629009D99F3 /* Debug */ = {
			isa = XCBuildConfiguration;
			buildSettings = {
				CODE_SIGN_STYLE = Automatic;
				CURRENT_PROJECT_VERSION = 1;
				GENERATE_INFOPLIST_FILE = YES;
				MARKETING_VERSION = 1.0;
				PRODUCT_BUNDLE_IDENTIFIER = com.akhlak.TrafficSegueUITests;
				PRODUCT_NAME = "$(TARGET_NAME)";
				SWIFT_EMIT_LOC_STRINGS = NO;
				SWIFT_VERSION = 5.0;
				TARGETED_DEVICE_FAMILY = "1,2";
				TEST_TARGET_NAME = TrafficSegue;
			};
			name = Debug;
		};
		C452239A2CEB3629009D99F3 /* Release */ = {
			isa = XCBuildConfiguration;
			buildSettings = {
				CODE_SIGN_STYLE = Automatic;
				CURRENT_PROJECT_VERSION = 1;
				GENERATE_INFOPLIST_FILE = YES;
				MARKETING_VERSION = 1.0;
				PRODUCT_BUNDLE_IDENTIFIER = com.akhlak.TrafficSegueUITests;
				PRODUCT_NAME = "$(TARGET_NAME)";
				SWIFT_EMIT_LOC_STRINGS = NO;
				SWIFT_VERSION = 5.0;
				TARGETED_DEVICE_FAMILY = "1,2";
				TEST_TARGET_NAME = TrafficSegue;
			};
			name = Release;
		};
/* End XCBuildConfiguration section */

/* Begin XCConfigurationList section */
		C45223622CEB3628009D99F3 /* Build configuration list for PBXProject "TrafficSegue" */ = {
			isa = XCConfigurationList;
			buildConfigurations = (
				C45223932CEB3629009D99F3 /* Debug */,
				C45223942CEB3629009D99F3 /* Release */,
			);
			defaultConfigurationIsVisible = 0;
			defaultConfigurationName = Release;
		};
		C45223902CEB3629009D99F3 /* Build configuration list for PBXNativeTarget "TrafficSegue" */ = {
			isa = XCConfigurationList;
			buildConfigurations = (
				C45223912CEB3629009D99F3 /* Debug */,
				C45223922CEB3629009D99F3 /* Release */,
			);
			defaultConfigurationIsVisible = 0;
			defaultConfigurationName = Release;
		};
		C45223952CEB3629009D99F3 /* Build configuration list for PBXNativeTarget "TrafficSegueTests" */ = {
			isa = XCConfigurationList;
			buildConfigurations = (
				C45223962CEB3629009D99F3 /* Debug */,
				C45223972CEB3629009D99F3 /* Release */,
			);
			defaultConfigurationIsVisible = 0;
			defaultConfigurationName = Release;
		};
		C45223982CEB3629009D99F3 /* Build configuration list for PBXNativeTarget "TrafficSegueUITests" */ = {
			isa = XCConfigurationList;
			buildConfigurations = (
				C45223992CEB3629009D99F3 /* Debug */,
				C452239A2CEB3629009D99F3 /* Release */,
			);
			defaultConfigurationIsVisible = 0;
			defaultConfigurationName = Release;
		};
/* End XCConfigurationList section */
	};
	rootObject = C452235F2CEB3628009D99F3 /* Project object */;
}
